// !$*UTF8*$!
{
	archiveVersion = 1;
	classes = {
	};
	objectVersion = 56;
	objects = {

/* Begin PBXBuildFile section */
		440E7A7E2CC286550095BBA7 /* Nunito-Bold.ttf in Resources */ = {isa = PBXBuildFile; fileRef = 440E7A7A2CC286550095BBA7 /* Nunito-Bold.ttf */; };
		440E7A7F2CC286550095BBA7 /* Nunito-ExtraBold.ttf in Resources */ = {isa = PBXBuildFile; fileRef = 440E7A7B2CC286550095BBA7 /* Nunito-ExtraBold.ttf */; };
		440E7A802CC286550095BBA7 /* Nunito-Regular.ttf in Resources */ = {isa = PBXBuildFile; fileRef = 440E7A7C2CC286550095BBA7 /* Nunito-Regular.ttf */; };
		441B1EF52D4915CC003B1803 /* Storage.swift in Sources */ = {isa = PBXBuildFile; fileRef = 441B1EF42D491596003B1803 /* Storage.swift */; };
		441B1EF72D491FBB003B1803 /* PropertyInfo.swift in Sources */ = {isa = PBXBuildFile; fileRef = 441B1EF62D491FAC003B1803 /* PropertyInfo.swift */; };
		441E49D92D4518FF00E65A46 /* WeatherModel.swift in Sources */ = {isa = PBXBuildFile; fileRef = 441E49D82D4518F900E65A46 /* WeatherModel.swift */; };
		441E49DB2D451E8A00E65A46 /* Property.swift in Sources */ = {isa = PBXBuildFile; fileRef = 441E49DA2D451E8600E65A46 /* Property.swift */; };
		441E4A092D48144800E65A46 /* WeatherAPI.swift in Sources */ = {isa = PBXBuildFile; fileRef = 441E4A082D48143B00E65A46 /* WeatherAPI.swift */; };
		441E4A0C2D48157B00E65A46 /* Weather.swift in Sources */ = {isa = PBXBuildFile; fileRef = 441E4A0B2D48156900E65A46 /* Weather.swift */; };
		4426FD8A2CC961B600FE1FE7 /* Nunito-SemiBold.ttf in Resources */ = {isa = PBXBuildFile; fileRef = 4426FD892CC961B600FE1FE7 /* Nunito-SemiBold.ttf */; };
		442D0C662CBB1459009A4298 /* MainScreenModel.swift in Sources */ = {isa = PBXBuildFile; fileRef = 442D0C652CBB1459009A4298 /* MainScreenModel.swift */; };
		442D0C682CBB14D4009A4298 /* MainScreenPresenter.swift in Sources */ = {isa = PBXBuildFile; fileRef = 442D0C672CBB14D4009A4298 /* MainScreenPresenter.swift */; };
		442DBC9C2D67B2AA00AD4454 /* SwipeNavigationController.swift in Sources */ = {isa = PBXBuildFile; fileRef = 442DBC9B2D67B29C00AD4454 /* SwipeNavigationController.swift */; };
		446EEC1D2D2C8BB10038A964 /* HourWeatherCollectionViewCell.swift in Sources */ = {isa = PBXBuildFile; fileRef = 446EEC1C2D2C8BB10038A964 /* HourWeatherCollectionViewCell.swift */; };
		446EEC242D2C8EA30038A964 /* HourWeather.swift in Sources */ = {isa = PBXBuildFile; fileRef = 446EEC232D2C8EA30038A964 /* HourWeather.swift */; };
		4474A5B52D4954D200D4BD62 /* APIError.swift in Sources */ = {isa = PBXBuildFile; fileRef = 4474A5B32D4954C400D4BD62 /* APIError.swift */; };
		4474A5C62D4BC88900D4BD62 /* SunTimes.swift in Sources */ = {isa = PBXBuildFile; fileRef = 4474A5C52D4BC87400D4BD62 /* SunTimes.swift */; };
		4474A5C82D4BE11A00D4BD62 /* Date+extension.swift in Sources */ = {isa = PBXBuildFile; fileRef = 4474A5C72D4BE10B00D4BD62 /* Date+extension.swift */; };
		4474A5CA2D4BF35600D4BD62 /* ForecastDate.swift in Sources */ = {isa = PBXBuildFile; fileRef = 4474A5C92D4BF34300D4BD62 /* ForecastDate.swift */; };
		447E640A2D56B5790030C72B /* SearchTableView.swift in Sources */ = {isa = PBXBuildFile; fileRef = 447E64092D56B5790030C72B /* SearchTableView.swift */; };
		447E640C2D56B60C0030C72B /* SearchTableViewCell.swift in Sources */ = {isa = PBXBuildFile; fileRef = 447E640B2D56B60C0030C72B /* SearchTableViewCell.swift */; };
		447EBDCE2D10849100E268AA /* HourWeatherCollectionView.swift in Sources */ = {isa = PBXBuildFile; fileRef = 447EBDCD2D10849100E268AA /* HourWeatherCollectionView.swift */; };
		448825842CC04D0600C73D2B /* RswiftLibrary in Frameworks */ = {isa = PBXBuildFile; productRef = 448825832CC04D0600C73D2B /* RswiftLibrary */; };
		448825AE2CC060AE00C73D2B /* Localizable.strings in Resources */ = {isa = PBXBuildFile; fileRef = 448825AC2CC060AE00C73D2B /* Localizable.strings */; };
		4489B4652CB9CAC50086DEC8 /* SnapKit in Frameworks */ = {isa = PBXBuildFile; productRef = 4489B4642CB9CAC50086DEC8 /* SnapKit */; };
		44919A5D2D53C4A300D9F607 /* SavedCitiesTableView.swift in Sources */ = {isa = PBXBuildFile; fileRef = 44919A5C2D53C4A100D9F607 /* SavedCitiesTableView.swift */; };
		44919A5F2D53C4DA00D9F607 /* SavedCitiesTableViewCell.swift in Sources */ = {isa = PBXBuildFile; fileRef = 44919A5E2D53C4CE00D9F607 /* SavedCitiesTableViewCell.swift */; };
		44919A902D54082B00D9F607 /* Image+extension.swift in Sources */ = {isa = PBXBuildFile; fileRef = 44919A8F2D54082400D9F607 /* Image+extension.swift */; };
		449627A52CC11D9300FD7A9D /* Localizable.stringsdict in Resources */ = {isa = PBXBuildFile; fileRef = 449627A32CC11D9300FD7A9D /* Localizable.stringsdict */; };
		44A8290E2CC7EEE4006EE87E /* WeatherView.swift in Sources */ = {isa = PBXBuildFile; fileRef = 44A8290D2CC7EEE3006EE87E /* WeatherView.swift */; };
		44BA8C512D356C5100ECE15C /* PropertiesWeatherTableView.swift in Sources */ = {isa = PBXBuildFile; fileRef = 44BA8C502D356C5100ECE15C /* PropertiesWeatherTableView.swift */; };
		44BA8C542D3570B500ECE15C /* PropertiesWeatherTableCell.swift in Sources */ = {isa = PBXBuildFile; fileRef = 44BA8C532D3570B500ECE15C /* PropertiesWeatherTableCell.swift */; };
		44CD0B3A2D4CFDEF007B52CE /* Cities.swift in Sources */ = {isa = PBXBuildFile; fileRef = 44CD0B392D4CFDE6007B52CE /* Cities.swift */; };
		44CD0B492D4D1723007B52CE /* Logger.swift in Sources */ = {isa = PBXBuildFile; fileRef = 44CD0B482D4D1720007B52CE /* Logger.swift */; };
		44CD0B512D4D356D007B52CE /* CityChoiceViewController.swift in Sources */ = {isa = PBXBuildFile; fileRef = 44CD0B502D4D356D007B52CE /* CityChoiceViewController.swift */; };
		44CD0B532D4D35BE007B52CE /* CityChoicePresenter.swift in Sources */ = {isa = PBXBuildFile; fileRef = 44CD0B522D4D35AC007B52CE /* CityChoicePresenter.swift */; };
		44CD0B552D4D360E007B52CE /* CityChoiceModel.swift in Sources */ = {isa = PBXBuildFile; fileRef = 44CD0B542D4D3606007B52CE /* CityChoiceModel.swift */; };
		44D764F02D36AC6900BD6C07 /* DayWeatherCollectionView.swift in Sources */ = {isa = PBXBuildFile; fileRef = 44D764EF2D36AC6900BD6C07 /* DayWeatherCollectionView.swift */; };
		44D764F32D36AC7800BD6C07 /* DayWeatherCollectionViewCell.swift in Sources */ = {isa = PBXBuildFile; fileRef = 44D764F22D36AC7800BD6C07 /* DayWeatherCollectionViewCell.swift */; };
		44D764F52D36AD9F00BD6C07 /* DayWeather.swift in Sources */ = {isa = PBXBuildFile; fileRef = 44D764F42D36AD9F00BD6C07 /* DayWeather.swift */; };
		44EC76F12CB6F0BD0023B313 /* AppDelegate.swift in Sources */ = {isa = PBXBuildFile; fileRef = 44EC76F02CB6F0BD0023B313 /* AppDelegate.swift */; };
		44EC76F32CB6F0BD0023B313 /* SceneDelegate.swift in Sources */ = {isa = PBXBuildFile; fileRef = 44EC76F22CB6F0BD0023B313 /* SceneDelegate.swift */; };
		44EC76F52CB6F0BD0023B313 /* MainScreenViewController.swift in Sources */ = {isa = PBXBuildFile; fileRef = 44EC76F42CB6F0BD0023B313 /* MainScreenViewController.swift */; };
		44EC76FA2CB6F0BD0023B313 /* Assets.xcassets in Resources */ = {isa = PBXBuildFile; fileRef = 44EC76F92CB6F0BD0023B313 /* Assets.xcassets */; };
		44EC76FD2CB6F0BD0023B313 /* Base in Resources */ = {isa = PBXBuildFile; fileRef = 44EC76FC2CB6F0BD0023B313 /* Base */; };
		44F13B202D5A73920047CC63 /* String+extension.swift in Sources */ = {isa = PBXBuildFile; fileRef = 44F13B1F2D5A73880047CC63 /* String+extension.swift */; };
		44F59B852CBAF91D00D09871 /* AppCoordinator.swift in Sources */ = {isa = PBXBuildFile; fileRef = 44F59B842CBAF91D00D09871 /* AppCoordinator.swift */; };
/* End PBXBuildFile section */

/* Begin PBXFileReference section */
		440E7A7A2CC286550095BBA7 /* Nunito-Bold.ttf */ = {isa = PBXFileReference; lastKnownFileType = file; path = "Nunito-Bold.ttf"; sourceTree = "<group>"; };
		440E7A7B2CC286550095BBA7 /* Nunito-ExtraBold.ttf */ = {isa = PBXFileReference; lastKnownFileType = file; path = "Nunito-ExtraBold.ttf"; sourceTree = "<group>"; };
		440E7A7C2CC286550095BBA7 /* Nunito-Regular.ttf */ = {isa = PBXFileReference; lastKnownFileType = file; path = "Nunito-Regular.ttf"; sourceTree = "<group>"; };
		441B1EF42D491596003B1803 /* Storage.swift */ = {isa = PBXFileReference; lastKnownFileType = sourcecode.swift; path = Storage.swift; sourceTree = "<group>"; };
		441B1EF62D491FAC003B1803 /* PropertyInfo.swift */ = {isa = PBXFileReference; lastKnownFileType = sourcecode.swift; path = PropertyInfo.swift; sourceTree = "<group>"; };
		441E49D82D4518F900E65A46 /* WeatherModel.swift */ = {isa = PBXFileReference; lastKnownFileType = sourcecode.swift; path = WeatherModel.swift; sourceTree = "<group>"; };
		441E49DA2D451E8600E65A46 /* Property.swift */ = {isa = PBXFileReference; lastKnownFileType = sourcecode.swift; path = Property.swift; sourceTree = "<group>"; };
		441E4A082D48143B00E65A46 /* WeatherAPI.swift */ = {isa = PBXFileReference; lastKnownFileType = sourcecode.swift; path = WeatherAPI.swift; sourceTree = "<group>"; };
		441E4A0B2D48156900E65A46 /* Weather.swift */ = {isa = PBXFileReference; lastKnownFileType = sourcecode.swift; path = Weather.swift; sourceTree = "<group>"; };
		4426FD892CC961B600FE1FE7 /* Nunito-SemiBold.ttf */ = {isa = PBXFileReference; lastKnownFileType = file; path = "Nunito-SemiBold.ttf"; sourceTree = "<group>"; };
		442D0C652CBB1459009A4298 /* MainScreenModel.swift */ = {isa = PBXFileReference; lastKnownFileType = sourcecode.swift; path = MainScreenModel.swift; sourceTree = "<group>"; };
		442D0C672CBB14D4009A4298 /* MainScreenPresenter.swift */ = {isa = PBXFileReference; lastKnownFileType = sourcecode.swift; path = MainScreenPresenter.swift; sourceTree = "<group>"; };
		442DBC9B2D67B29C00AD4454 /* SwipeNavigationController.swift */ = {isa = PBXFileReference; lastKnownFileType = sourcecode.swift; path = SwipeNavigationController.swift; sourceTree = "<group>"; };
		446EEC1C2D2C8BB10038A964 /* HourWeatherCollectionViewCell.swift */ = {isa = PBXFileReference; lastKnownFileType = sourcecode.swift; path = HourWeatherCollectionViewCell.swift; sourceTree = "<group>"; };
		446EEC232D2C8EA30038A964 /* HourWeather.swift */ = {isa = PBXFileReference; lastKnownFileType = sourcecode.swift; path = HourWeather.swift; sourceTree = "<group>"; };
		4474A5B32D4954C400D4BD62 /* APIError.swift */ = {isa = PBXFileReference; lastKnownFileType = sourcecode.swift; path = APIError.swift; sourceTree = "<group>"; };
		4474A5C52D4BC87400D4BD62 /* SunTimes.swift */ = {isa = PBXFileReference; lastKnownFileType = sourcecode.swift; path = SunTimes.swift; sourceTree = "<group>"; };
		4474A5C72D4BE10B00D4BD62 /* Date+extension.swift */ = {isa = PBXFileReference; lastKnownFileType = sourcecode.swift; path = "Date+extension.swift"; sourceTree = "<group>"; };
		4474A5C92D4BF34300D4BD62 /* ForecastDate.swift */ = {isa = PBXFileReference; lastKnownFileType = sourcecode.swift; path = ForecastDate.swift; sourceTree = "<group>"; };
		447E64092D56B5790030C72B /* SearchTableView.swift */ = {isa = PBXFileReference; lastKnownFileType = sourcecode.swift; path = SearchTableView.swift; sourceTree = "<group>"; };
		447E640B2D56B60C0030C72B /* SearchTableViewCell.swift */ = {isa = PBXFileReference; lastKnownFileType = sourcecode.swift; path = SearchTableViewCell.swift; sourceTree = "<group>"; };
		447EBDCD2D10849100E268AA /* HourWeatherCollectionView.swift */ = {isa = PBXFileReference; lastKnownFileType = sourcecode.swift; path = HourWeatherCollectionView.swift; sourceTree = "<group>"; };
		4488259E2CC059A800C73D2B /* Info.plist */ = {isa = PBXFileReference; lastKnownFileType = text.plist.xml; path = Info.plist; sourceTree = "<group>"; };
		448825AD2CC060AE00C73D2B /* en */ = {isa = PBXFileReference; lastKnownFileType = text.plist.strings; name = en; path = en.lproj/Localizable.strings; sourceTree = "<group>"; };
		44919A5C2D53C4A100D9F607 /* SavedCitiesTableView.swift */ = {isa = PBXFileReference; lastKnownFileType = sourcecode.swift; path = SavedCitiesTableView.swift; sourceTree = "<group>"; };
		44919A5E2D53C4CE00D9F607 /* SavedCitiesTableViewCell.swift */ = {isa = PBXFileReference; lastKnownFileType = sourcecode.swift; path = SavedCitiesTableViewCell.swift; sourceTree = "<group>"; };
		44919A8F2D54082400D9F607 /* Image+extension.swift */ = {isa = PBXFileReference; lastKnownFileType = sourcecode.swift; path = "Image+extension.swift"; sourceTree = "<group>"; };
		449627A12CC11D4300FD7A9D /* ru */ = {isa = PBXFileReference; lastKnownFileType = text.plist.strings; name = ru; path = ru.lproj/LaunchScreen.strings; sourceTree = "<group>"; };
		449627A22CC11D4300FD7A9D /* ru */ = {isa = PBXFileReference; lastKnownFileType = text.plist.strings; name = ru; path = ru.lproj/Localizable.strings; sourceTree = "<group>"; };
		449627A42CC11D9300FD7A9D /* en */ = {isa = PBXFileReference; lastKnownFileType = text.plist.stringsdict; name = en; path = en.lproj/Localizable.stringsdict; sourceTree = "<group>"; };
		449627AA2CC1BA3000FD7A9D /* ru */ = {isa = PBXFileReference; lastKnownFileType = text.plist.stringsdict; name = ru; path = ru.lproj/Localizable.stringsdict; sourceTree = "<group>"; };
		44A8290D2CC7EEE3006EE87E /* WeatherView.swift */ = {isa = PBXFileReference; lastKnownFileType = sourcecode.swift; path = WeatherView.swift; sourceTree = "<group>"; };
		44BA8C502D356C5100ECE15C /* PropertiesWeatherTableView.swift */ = {isa = PBXFileReference; lastKnownFileType = sourcecode.swift; path = PropertiesWeatherTableView.swift; sourceTree = "<group>"; };
		44BA8C532D3570B500ECE15C /* PropertiesWeatherTableCell.swift */ = {isa = PBXFileReference; lastKnownFileType = sourcecode.swift; path = PropertiesWeatherTableCell.swift; sourceTree = "<group>"; };
		44CD0B392D4CFDE6007B52CE /* Cities.swift */ = {isa = PBXFileReference; lastKnownFileType = sourcecode.swift; path = Cities.swift; sourceTree = "<group>"; };
		44CD0B482D4D1720007B52CE /* Logger.swift */ = {isa = PBXFileReference; lastKnownFileType = sourcecode.swift; path = Logger.swift; sourceTree = "<group>"; };
		44CD0B502D4D356D007B52CE /* CityChoiceViewController.swift */ = {isa = PBXFileReference; lastKnownFileType = sourcecode.swift; path = CityChoiceViewController.swift; sourceTree = "<group>"; };
		44CD0B522D4D35AC007B52CE /* CityChoicePresenter.swift */ = {isa = PBXFileReference; lastKnownFileType = sourcecode.swift; path = CityChoicePresenter.swift; sourceTree = "<group>"; };
		44CD0B542D4D3606007B52CE /* CityChoiceModel.swift */ = {isa = PBXFileReference; lastKnownFileType = sourcecode.swift; path = CityChoiceModel.swift; sourceTree = "<group>"; };
		44D764EF2D36AC6900BD6C07 /* DayWeatherCollectionView.swift */ = {isa = PBXFileReference; lastKnownFileType = sourcecode.swift; path = DayWeatherCollectionView.swift; sourceTree = "<group>"; };
		44D764F22D36AC7800BD6C07 /* DayWeatherCollectionViewCell.swift */ = {isa = PBXFileReference; lastKnownFileType = sourcecode.swift; path = DayWeatherCollectionViewCell.swift; sourceTree = "<group>"; };
		44D764F42D36AD9F00BD6C07 /* DayWeather.swift */ = {isa = PBXFileReference; lastKnownFileType = sourcecode.swift; path = DayWeather.swift; sourceTree = "<group>"; };
		44EC76ED2CB6F0BD0023B313 /* Weather.app */ = {isa = PBXFileReference; explicitFileType = wrapper.application; includeInIndex = 0; path = Weather.app; sourceTree = BUILT_PRODUCTS_DIR; };
		44EC76F02CB6F0BD0023B313 /* AppDelegate.swift */ = {isa = PBXFileReference; lastKnownFileType = sourcecode.swift; path = AppDelegate.swift; sourceTree = "<group>"; };
		44EC76F22CB6F0BD0023B313 /* SceneDelegate.swift */ = {isa = PBXFileReference; lastKnownFileType = sourcecode.swift; path = SceneDelegate.swift; sourceTree = "<group>"; };
		44EC76F42CB6F0BD0023B313 /* MainScreenViewController.swift */ = {isa = PBXFileReference; lastKnownFileType = sourcecode.swift; path = MainScreenViewController.swift; sourceTree = "<group>"; };
		44EC76F92CB6F0BD0023B313 /* Assets.xcassets */ = {isa = PBXFileReference; lastKnownFileType = folder.assetcatalog; path = Assets.xcassets; sourceTree = "<group>"; };
		44EC76FC2CB6F0BD0023B313 /* Base */ = {isa = PBXFileReference; lastKnownFileType = file.storyboard; name = Base; path = Base.lproj/LaunchScreen.storyboard; sourceTree = "<group>"; };
		44F13B1F2D5A73880047CC63 /* String+extension.swift */ = {isa = PBXFileReference; lastKnownFileType = sourcecode.swift; path = "String+extension.swift"; sourceTree = "<group>"; };
		44F59B842CBAF91D00D09871 /* AppCoordinator.swift */ = {isa = PBXFileReference; lastKnownFileType = sourcecode.swift; path = AppCoordinator.swift; sourceTree = "<group>"; };
/* End PBXFileReference section */

/* Begin PBXFrameworksBuildPhase section */
		44EC76EA2CB6F0BD0023B313 /* Frameworks */ = {
			isa = PBXFrameworksBuildPhase;
			buildActionMask = 2147483647;
			files = (
				4489B4652CB9CAC50086DEC8 /* SnapKit in Frameworks */,
				448825842CC04D0600C73D2B /* RswiftLibrary in Frameworks */,
			);
			runOnlyForDeploymentPostprocessing = 0;
		};
/* End PBXFrameworksBuildPhase section */

/* Begin PBXGroup section */
		440E7A7D2CC286550095BBA7 /* fonts */ = {
			isa = PBXGroup;
			children = (
				4426FD892CC961B600FE1FE7 /* Nunito-SemiBold.ttf */,
				440E7A7B2CC286550095BBA7 /* Nunito-ExtraBold.ttf */,
				440E7A7A2CC286550095BBA7 /* Nunito-Bold.ttf */,
				440E7A7C2CC286550095BBA7 /* Nunito-Regular.ttf */,
			);
			path = fonts;
			sourceTree = "<group>";
		};
		442D0C5C2CBAFA40009A4298 /* App */ = {
			isa = PBXGroup;
			children = (
				442DBC9B2D67B29C00AD4454 /* SwipeNavigationController.swift */,
				44EC76F22CB6F0BD0023B313 /* SceneDelegate.swift */,
				44EC76F02CB6F0BD0023B313 /* AppDelegate.swift */,
			);
			path = App;
			sourceTree = "<group>";
		};
		442D0C5D2CBAFAA0009A4298 /* Resources */ = {
			isa = PBXGroup;
			children = (
				4474A5C22D4A59A800D4BD62 /* Extensions */,
				441B1EF62D491FAC003B1803 /* PropertyInfo.swift */,
				441B1EF42D491596003B1803 /* Storage.swift */,
				440E7A7D2CC286550095BBA7 /* fonts */,
				449627A32CC11D9300FD7A9D /* Localizable.stringsdict */,
				448825AC2CC060AE00C73D2B /* Localizable.strings */,
				44EC76FB2CB6F0BD0023B313 /* LaunchScreen.storyboard */,
				44EC76F92CB6F0BD0023B313 /* Assets.xcassets */,
				441E4A0B2D48156900E65A46 /* Weather.swift */,
			);
			path = Resources;
			sourceTree = "<group>";
		};
		442D0C5E2CBAFBB2009A4298 /* Coordinators */ = {
			isa = PBXGroup;
			children = (
				44F59B842CBAF91D00D09871 /* AppCoordinator.swift */,
			);
			path = Coordinators;
			sourceTree = "<group>";
		};
		442D0C5F2CBAFBBC009A4298 /* Models */ = {
			isa = PBXGroup;
			children = (
				44CD0B542D4D3606007B52CE /* CityChoiceModel.swift */,
				446EEC222D2C8E910038A964 /* Data */,
				442D0C652CBB1459009A4298 /* MainScreenModel.swift */,
			);
			path = Models;
			sourceTree = "<group>";
		};
		442D0C622CBB12E5009A4298 /* Views */ = {
			isa = PBXGroup;
			children = (
				44CD0B4D2D4D34B6007B52CE /* CityChoiceScreen */,
				44CD0B442D4D0166007B52CE /* MainScreen */,
			);
			path = Views;
			sourceTree = "<group>";
		};
		442D0C632CBB130F009A4298 /* Presenters */ = {
			isa = PBXGroup;
			children = (
				44CD0B522D4D35AC007B52CE /* CityChoicePresenter.swift */,
				442D0C672CBB14D4009A4298 /* MainScreenPresenter.swift */,
			);
			path = Presenters;
			sourceTree = "<group>";
		};
		446EEC222D2C8E910038A964 /* Data */ = {
			isa = PBXGroup;
			children = (
				441E49DA2D451E8600E65A46 /* Property.swift */,
				441E49D82D4518F900E65A46 /* WeatherModel.swift */,
				446EEC232D2C8EA30038A964 /* HourWeather.swift */,
				44D764F42D36AD9F00BD6C07 /* DayWeather.swift */,
			);
			path = Data;
			sourceTree = "<group>";
		};
		4474A5B62D49568300D4BD62 /* Network */ = {
			isa = PBXGroup;
			children = (
				4474A5B32D4954C400D4BD62 /* APIError.swift */,
				441E4A082D48143B00E65A46 /* WeatherAPI.swift */,
			);
			path = Network;
			sourceTree = "<group>";
		};
		4474A5C22D4A59A800D4BD62 /* Extensions */ = {
			isa = PBXGroup;
			children = (
				44F13B1F2D5A73880047CC63 /* String+extension.swift */,
				44919A8F2D54082400D9F607 /* Image+extension.swift */,
				4474A5C72D4BE10B00D4BD62 /* Date+extension.swift */,
			);
			path = Extensions;
			sourceTree = "<group>";
		};
		44CD0B442D4D0166007B52CE /* MainScreen */ = {
			isa = PBXGroup;
			children = (
				44EC76F42CB6F0BD0023B313 /* MainScreenViewController.swift */,
				44A8290D2CC7EEE3006EE87E /* WeatherView.swift */,
				447EBDCD2D10849100E268AA /* HourWeatherCollectionView.swift */,
				446EEC1C2D2C8BB10038A964 /* HourWeatherCollectionViewCell.swift */,
				44BA8C502D356C5100ECE15C /* PropertiesWeatherTableView.swift */,
				44BA8C532D3570B500ECE15C /* PropertiesWeatherTableCell.swift */,
				44D764EF2D36AC6900BD6C07 /* DayWeatherCollectionView.swift */,
				44D764F22D36AC7800BD6C07 /* DayWeatherCollectionViewCell.swift */,
			);
			path = MainScreen;
			sourceTree = "<group>";
		};
		44CD0B4C2D4D3486007B52CE /* Utils */ = {
			isa = PBXGroup;
			children = (
				44CD0B482D4D1720007B52CE /* Logger.swift */,
				44CD0B392D4CFDE6007B52CE /* Cities.swift */,
				4474A5C92D4BF34300D4BD62 /* ForecastDate.swift */,
				4474A5C52D4BC87400D4BD62 /* SunTimes.swift */,
			);
			path = Utils;
			sourceTree = "<group>";
		};
		44CD0B4D2D4D34B6007B52CE /* CityChoiceScreen */ = {
			isa = PBXGroup;
			children = (
				44919A5E2D53C4CE00D9F607 /* SavedCitiesTableViewCell.swift */,
				44919A5C2D53C4A100D9F607 /* SavedCitiesTableView.swift */,
				44CD0B502D4D356D007B52CE /* CityChoiceViewController.swift */,
				447E64092D56B5790030C72B /* SearchTableView.swift */,
				447E640B2D56B60C0030C72B /* SearchTableViewCell.swift */,
			);
			path = CityChoiceScreen;
			sourceTree = "<group>";
		};
		44EC76E42CB6F0BD0023B313 = {
			isa = PBXGroup;
			children = (
				44EC76EF2CB6F0BD0023B313 /* Weather */,
				44EC76EE2CB6F0BD0023B313 /* Products */,
			);
			sourceTree = "<group>";
		};
		44EC76EE2CB6F0BD0023B313 /* Products */ = {
			isa = PBXGroup;
			children = (
				44EC76ED2CB6F0BD0023B313 /* Weather.app */,
			);
			name = Products;
			sourceTree = "<group>";
		};
		44EC76EF2CB6F0BD0023B313 /* Weather */ = {
			isa = PBXGroup;
			children = (
				4474A5B62D49568300D4BD62 /* Network */,
				442D0C5C2CBAFA40009A4298 /* App */,
				442D0C5F2CBAFBBC009A4298 /* Models */,
				442D0C622CBB12E5009A4298 /* Views */,
				442D0C632CBB130F009A4298 /* Presenters */,
				4488259E2CC059A800C73D2B /* Info.plist */,
				442D0C5D2CBAFAA0009A4298 /* Resources */,
				44CD0B4C2D4D3486007B52CE /* Utils */,
				442D0C5E2CBAFBB2009A4298 /* Coordinators */,
			);
			path = Weather;
			sourceTree = "<group>";
		};
/* End PBXGroup section */

/* Begin PBXNativeTarget section */
		44EC76EC2CB6F0BD0023B313 /* Weather */ = {
			isa = PBXNativeTarget;
			buildConfigurationList = 44EC77012CB6F0BD0023B313 /* Build configuration list for PBXNativeTarget "Weather" */;
			buildPhases = (
				44EC76EA2CB6F0BD0023B313 /* Frameworks */,
				44EC76E92CB6F0BD0023B313 /* Sources */,
				44EC76EB2CB6F0BD0023B313 /* Resources */,
			);
			buildRules = (
			);
			dependencies = (
				448825862CC04D5A00C73D2B /* PBXTargetDependency */,
				4489B4692CB9CB4F0086DEC8 /* PBXTargetDependency */,
			);
			name = Weather;
			packageProductDependencies = (
				4489B4642CB9CAC50086DEC8 /* SnapKit */,
				448825832CC04D0600C73D2B /* RswiftLibrary */,
			);
			productName = Weather;
			productReference = 44EC76ED2CB6F0BD0023B313 /* Weather.app */;
			productType = "com.apple.product-type.application";
		};
/* End PBXNativeTarget section */

/* Begin PBXProject section */
		44EC76E52CB6F0BD0023B313 /* Project object */ = {
			isa = PBXProject;
			attributes = {
				BuildIndependentTargetsInParallel = 1;
				LastSwiftUpdateCheck = 1540;
				LastUpgradeCheck = 1540;
				TargetAttributes = {
					44EC76EC2CB6F0BD0023B313 = {
						CreatedOnToolsVersion = 15.4;
					};
				};
			};
			buildConfigurationList = 44EC76E82CB6F0BD0023B313 /* Build configuration list for PBXProject "Weather" */;
			compatibilityVersion = "Xcode 14.0";
			developmentRegion = en;
			hasScannedForEncodings = 0;
			knownRegions = (
				en,
				Base,
				ru,
			);
			mainGroup = 44EC76E42CB6F0BD0023B313;
			packageReferences = (
				4489B45E2CB9CAAF0086DEC8 /* XCRemoteSwiftPackageReference "SwiftLint" */,
				4489B4632CB9CAC50086DEC8 /* XCRemoteSwiftPackageReference "SnapKit" */,
				448825822CC04D0600C73D2B /* XCRemoteSwiftPackageReference "R" */,
			);
			productRefGroup = 44EC76EE2CB6F0BD0023B313 /* Products */;
			projectDirPath = "";
			projectRoot = "";
			targets = (
				44EC76EC2CB6F0BD0023B313 /* Weather */,
			);
		};
/* End PBXProject section */

/* Begin PBXResourcesBuildPhase section */
		44EC76EB2CB6F0BD0023B313 /* Resources */ = {
			isa = PBXResourcesBuildPhase;
			buildActionMask = 2147483647;
			files = (
				4426FD8A2CC961B600FE1FE7 /* Nunito-SemiBold.ttf in Resources */,
				44EC76FA2CB6F0BD0023B313 /* Assets.xcassets in Resources */,
				440E7A7E2CC286550095BBA7 /* Nunito-Bold.ttf in Resources */,
				449627A52CC11D9300FD7A9D /* Localizable.stringsdict in Resources */,
				440E7A7F2CC286550095BBA7 /* Nunito-ExtraBold.ttf in Resources */,
				440E7A802CC286550095BBA7 /* Nunito-Regular.ttf in Resources */,
				448825AE2CC060AE00C73D2B /* Localizable.strings in Resources */,
				44EC76FD2CB6F0BD0023B313 /* Base in Resources */,
			);
			runOnlyForDeploymentPostprocessing = 0;
		};
/* End PBXResourcesBuildPhase section */

/* Begin PBXSourcesBuildPhase section */
		44EC76E92CB6F0BD0023B313 /* Sources */ = {
			isa = PBXSourcesBuildPhase;
			buildActionMask = 2147483647;
			files = (
				44CD0B3A2D4CFDEF007B52CE /* Cities.swift in Sources */,
				447E640A2D56B5790030C72B /* SearchTableView.swift in Sources */,
				441E49DB2D451E8A00E65A46 /* Property.swift in Sources */,
				4474A5C62D4BC88900D4BD62 /* SunTimes.swift in Sources */,
				44F59B852CBAF91D00D09871 /* AppCoordinator.swift in Sources */,
				44CD0B492D4D1723007B52CE /* Logger.swift in Sources */,
				44BA8C512D356C5100ECE15C /* PropertiesWeatherTableView.swift in Sources */,
				44EC76F52CB6F0BD0023B313 /* MainScreenViewController.swift in Sources */,
				44F13B202D5A73920047CC63 /* String+extension.swift in Sources */,
				44D764F32D36AC7800BD6C07 /* DayWeatherCollectionViewCell.swift in Sources */,
				447E640C2D56B60C0030C72B /* SearchTableViewCell.swift in Sources */,
				44919A5F2D53C4DA00D9F607 /* SavedCitiesTableViewCell.swift in Sources */,
				44CD0B512D4D356D007B52CE /* CityChoiceViewController.swift in Sources */,
				446EEC1D2D2C8BB10038A964 /* HourWeatherCollectionViewCell.swift in Sources */,
				44919A902D54082B00D9F607 /* Image+extension.swift in Sources */,
				44D764F02D36AC6900BD6C07 /* DayWeatherCollectionView.swift in Sources */,
				4474A5CA2D4BF35600D4BD62 /* ForecastDate.swift in Sources */,
				446EEC242D2C8EA30038A964 /* HourWeather.swift in Sources */,
				442DBC9C2D67B2AA00AD4454 /* SwipeNavigationController.swift in Sources */,
				44CD0B552D4D360E007B52CE /* CityChoiceModel.swift in Sources */,
				447EBDCE2D10849100E268AA /* HourWeatherCollectionView.swift in Sources */,
				44CD0B532D4D35BE007B52CE /* CityChoicePresenter.swift in Sources */,
				441B1EF52D4915CC003B1803 /* Storage.swift in Sources */,
				442D0C662CBB1459009A4298 /* MainScreenModel.swift in Sources */,
				44919A5D2D53C4A300D9F607 /* SavedCitiesTableView.swift in Sources */,
				44D764F52D36AD9F00BD6C07 /* DayWeather.swift in Sources */,
				4474A5C82D4BE11A00D4BD62 /* Date+extension.swift in Sources */,
				44EC76F12CB6F0BD0023B313 /* AppDelegate.swift in Sources */,
				441E49D92D4518FF00E65A46 /* WeatherModel.swift in Sources */,
				441B1EF72D491FBB003B1803 /* PropertyInfo.swift in Sources */,
				44BA8C542D3570B500ECE15C /* PropertiesWeatherTableCell.swift in Sources */,
				44EC76F32CB6F0BD0023B313 /* SceneDelegate.swift in Sources */,
				44A8290E2CC7EEE4006EE87E /* WeatherView.swift in Sources */,
				441E4A092D48144800E65A46 /* WeatherAPI.swift in Sources */,
				442D0C682CBB14D4009A4298 /* MainScreenPresenter.swift in Sources */,
				441E4A0C2D48157B00E65A46 /* Weather.swift in Sources */,
				4474A5B52D4954D200D4BD62 /* APIError.swift in Sources */,
			);
			runOnlyForDeploymentPostprocessing = 0;
		};
/* End PBXSourcesBuildPhase section */

/* Begin PBXTargetDependency section */
		448825862CC04D5A00C73D2B /* PBXTargetDependency */ = {
			isa = PBXTargetDependency;
			productRef = 448825852CC04D5A00C73D2B /* RswiftGenerateInternalResources */;
		};
		4489B4692CB9CB4F0086DEC8 /* PBXTargetDependency */ = {
			isa = PBXTargetDependency;
			productRef = 4489B4682CB9CB4F0086DEC8 /* SwiftLintBuildToolPlugin */;
		};
/* End PBXTargetDependency section */

/* Begin PBXVariantGroup section */
		448825AC2CC060AE00C73D2B /* Localizable.strings */ = {
			isa = PBXVariantGroup;
			children = (
				448825AD2CC060AE00C73D2B /* en */,
				449627A22CC11D4300FD7A9D /* ru */,
			);
			name = Localizable.strings;
			sourceTree = "<group>";
		};
		449627A32CC11D9300FD7A9D /* Localizable.stringsdict */ = {
			isa = PBXVariantGroup;
			children = (
				449627A42CC11D9300FD7A9D /* en */,
				449627AA2CC1BA3000FD7A9D /* ru */,
			);
			name = Localizable.stringsdict;
			sourceTree = "<group>";
		};
		44EC76FB2CB6F0BD0023B313 /* LaunchScreen.storyboard */ = {
			isa = PBXVariantGroup;
			children = (
				44EC76FC2CB6F0BD0023B313 /* Base */,
				449627A12CC11D4300FD7A9D /* ru */,
			);
			name = LaunchScreen.storyboard;
			sourceTree = "<group>";
		};
/* End PBXVariantGroup section */

/* Begin XCBuildConfiguration section */
		44EC76FF2CB6F0BD0023B313 /* Debug */ = {
			isa = XCBuildConfiguration;
			buildSettings = {
				ALWAYS_SEARCH_USER_PATHS = NO;
				ASSETCATALOG_COMPILER_GENERATE_SWIFT_ASSET_SYMBOL_EXTENSIONS = YES;
				CLANG_ANALYZER_LOCALIZABILITY_NONLOCALIZED = YES;
				CLANG_ANALYZER_NONNULL = YES;
				CLANG_ANALYZER_NUMBER_OBJECT_CONVERSION = YES_AGGRESSIVE;
				CLANG_CXX_LANGUAGE_STANDARD = "gnu++20";
				CLANG_ENABLE_MODULES = YES;
				CLANG_ENABLE_OBJC_ARC = YES;
				CLANG_ENABLE_OBJC_WEAK = YES;
				CLANG_WARN_BLOCK_CAPTURE_AUTORELEASING = YES;
				CLANG_WARN_BOOL_CONVERSION = YES;
				CLANG_WARN_COMMA = YES;
				CLANG_WARN_CONSTANT_CONVERSION = YES;
				CLANG_WARN_DEPRECATED_OBJC_IMPLEMENTATIONS = YES;
				CLANG_WARN_DIRECT_OBJC_ISA_USAGE = YES_ERROR;
				CLANG_WARN_DOCUMENTATION_COMMENTS = YES;
				CLANG_WARN_EMPTY_BODY = YES;
				CLANG_WARN_ENUM_CONVERSION = YES;
				CLANG_WARN_INFINITE_RECURSION = YES;
				CLANG_WARN_INT_CONVERSION = YES;
				CLANG_WARN_NON_LITERAL_NULL_CONVERSION = YES;
				CLANG_WARN_OBJC_IMPLICIT_RETAIN_SELF = YES;
				CLANG_WARN_OBJC_LITERAL_CONVERSION = YES;
				CLANG_WARN_OBJC_ROOT_CLASS = YES_ERROR;
				CLANG_WARN_QUOTED_INCLUDE_IN_FRAMEWORK_HEADER = YES;
				CLANG_WARN_RANGE_LOOP_ANALYSIS = YES;
				CLANG_WARN_STRICT_PROTOTYPES = YES;
				CLANG_WARN_SUSPICIOUS_MOVE = YES;
				CLANG_WARN_UNGUARDED_AVAILABILITY = YES_AGGRESSIVE;
				CLANG_WARN_UNREACHABLE_CODE = YES;
				CLANG_WARN__DUPLICATE_METHOD_MATCH = YES;
				COPY_PHASE_STRIP = NO;
				DEBUG_INFORMATION_FORMAT = dwarf;
				ENABLE_STRICT_OBJC_MSGSEND = YES;
				ENABLE_TESTABILITY = YES;
				ENABLE_USER_SCRIPT_SANDBOXING = YES;
				GCC_C_LANGUAGE_STANDARD = gnu17;
				GCC_DYNAMIC_NO_PIC = NO;
				GCC_NO_COMMON_BLOCKS = YES;
				GCC_OPTIMIZATION_LEVEL = 0;
				GCC_PREPROCESSOR_DEFINITIONS = (
					"DEBUG=1",
					"$(inherited)",
				);
				GCC_WARN_64_TO_32_BIT_CONVERSION = YES;
				GCC_WARN_ABOUT_RETURN_TYPE = YES_ERROR;
				GCC_WARN_UNDECLARED_SELECTOR = YES;
				GCC_WARN_UNINITIALIZED_AUTOS = YES_AGGRESSIVE;
				GCC_WARN_UNUSED_FUNCTION = YES;
				GCC_WARN_UNUSED_VARIABLE = YES;
				IPHONEOS_DEPLOYMENT_TARGET = 15.0;
				LOCALIZATION_PREFERS_STRING_CATALOGS = YES;
				MTL_ENABLE_DEBUG_INFO = INCLUDE_SOURCE;
				MTL_FAST_MATH = YES;
				ONLY_ACTIVE_ARCH = YES;
				SDKROOT = iphoneos;
				SWIFT_ACTIVE_COMPILATION_CONDITIONS = "DEBUG $(inherited)";
				SWIFT_OPTIMIZATION_LEVEL = "-Onone";
			};
			name = Debug;
		};
		44EC77002CB6F0BD0023B313 /* Release */ = {
			isa = XCBuildConfiguration;
			buildSettings = {
				ALWAYS_SEARCH_USER_PATHS = NO;
				ASSETCATALOG_COMPILER_GENERATE_SWIFT_ASSET_SYMBOL_EXTENSIONS = YES;
				CLANG_ANALYZER_LOCALIZABILITY_NONLOCALIZED = YES;
				CLANG_ANALYZER_NONNULL = YES;
				CLANG_ANALYZER_NUMBER_OBJECT_CONVERSION = YES_AGGRESSIVE;
				CLANG_CXX_LANGUAGE_STANDARD = "gnu++20";
				CLANG_ENABLE_MODULES = YES;
				CLANG_ENABLE_OBJC_ARC = YES;
				CLANG_ENABLE_OBJC_WEAK = YES;
				CLANG_WARN_BLOCK_CAPTURE_AUTORELEASING = YES;
				CLANG_WARN_BOOL_CONVERSION = YES;
				CLANG_WARN_COMMA = YES;
				CLANG_WARN_CONSTANT_CONVERSION = YES;
				CLANG_WARN_DEPRECATED_OBJC_IMPLEMENTATIONS = YES;
				CLANG_WARN_DIRECT_OBJC_ISA_USAGE = YES_ERROR;
				CLANG_WARN_DOCUMENTATION_COMMENTS = YES;
				CLANG_WARN_EMPTY_BODY = YES;
				CLANG_WARN_ENUM_CONVERSION = YES;
				CLANG_WARN_INFINITE_RECURSION = YES;
				CLANG_WARN_INT_CONVERSION = YES;
				CLANG_WARN_NON_LITERAL_NULL_CONVERSION = YES;
				CLANG_WARN_OBJC_IMPLICIT_RETAIN_SELF = YES;
				CLANG_WARN_OBJC_LITERAL_CONVERSION = YES;
				CLANG_WARN_OBJC_ROOT_CLASS = YES_ERROR;
				CLANG_WARN_QUOTED_INCLUDE_IN_FRAMEWORK_HEADER = YES;
				CLANG_WARN_RANGE_LOOP_ANALYSIS = YES;
				CLANG_WARN_STRICT_PROTOTYPES = YES;
				CLANG_WARN_SUSPICIOUS_MOVE = YES;
				CLANG_WARN_UNGUARDED_AVAILABILITY = YES_AGGRESSIVE;
				CLANG_WARN_UNREACHABLE_CODE = YES;
				CLANG_WARN__DUPLICATE_METHOD_MATCH = YES;
				COPY_PHASE_STRIP = NO;
				DEBUG_INFORMATION_FORMAT = "dwarf-with-dsym";
				ENABLE_NS_ASSERTIONS = NO;
				ENABLE_STRICT_OBJC_MSGSEND = YES;
				ENABLE_USER_SCRIPT_SANDBOXING = YES;
				GCC_C_LANGUAGE_STANDARD = gnu17;
				GCC_NO_COMMON_BLOCKS = YES;
				GCC_WARN_64_TO_32_BIT_CONVERSION = YES;
				GCC_WARN_ABOUT_RETURN_TYPE = YES_ERROR;
				GCC_WARN_UNDECLARED_SELECTOR = YES;
				GCC_WARN_UNINITIALIZED_AUTOS = YES_AGGRESSIVE;
				GCC_WARN_UNUSED_FUNCTION = YES;
				GCC_WARN_UNUSED_VARIABLE = YES;
				IPHONEOS_DEPLOYMENT_TARGET = 15.0;
				LOCALIZATION_PREFERS_STRING_CATALOGS = YES;
				MTL_ENABLE_DEBUG_INFO = NO;
				MTL_FAST_MATH = YES;
				SDKROOT = iphoneos;
				SWIFT_COMPILATION_MODE = wholemodule;
				VALIDATE_PRODUCT = YES;
			};
			name = Release;
		};
		44EC77022CB6F0BD0023B313 /* Debug */ = {
			isa = XCBuildConfiguration;
			buildSettings = {
				ASSETCATALOG_COMPILER_APPICON_NAME = AppIcon;
				ASSETCATALOG_COMPILER_GLOBAL_ACCENT_COLOR_NAME = AccentColor;
				CODE_SIGN_STYLE = Automatic;
				CURRENT_PROJECT_VERSION = 1;
				DEVELOPMENT_TEAM = YPV4RL9PLG;
				ENABLE_USER_SCRIPT_SANDBOXING = NO;
				GENERATE_INFOPLIST_FILE = YES;
				INFOPLIST_FILE = Weather/Info.plist;
				INFOPLIST_KEY_UIApplicationSupportsIndirectInputEvents = YES;
				INFOPLIST_KEY_UILaunchStoryboardName = LaunchScreen;
				INFOPLIST_KEY_UISupportedInterfaceOrientations = UIInterfaceOrientationPortrait;
				INFOPLIST_KEY_UISupportedInterfaceOrientations_iPad = "UIInterfaceOrientationLandscapeLeft UIInterfaceOrientationLandscapeRight UIInterfaceOrientationPortrait UIInterfaceOrientationPortraitUpsideDown";
				IPHONEOS_DEPLOYMENT_TARGET = 15.0;
				LD_RUNPATH_SEARCH_PATHS = (
					"$(inherited)",
					"@executable_path/Frameworks",
				);
				MARKETING_VERSION = 1.0;
				PRODUCT_BUNDLE_IDENTIFIER = usya.Weather;
				PRODUCT_NAME = "$(TARGET_NAME)";
				SUPPORTED_PLATFORMS = "iphoneos iphonesimulator";
				SUPPORTS_MACCATALYST = NO;
				SUPPORTS_XR_DESIGNED_FOR_IPHONE_IPAD = NO;
				SWIFT_EMIT_LOC_STRINGS = YES;
				SWIFT_VERSION = 5.0;
				TARGETED_DEVICE_FAMILY = 1;
			};
			name = Debug;
		};
		44EC77032CB6F0BD0023B313 /* Release */ = {
			isa = XCBuildConfiguration;
			buildSettings = {
				ASSETCATALOG_COMPILER_APPICON_NAME = AppIcon;
				ASSETCATALOG_COMPILER_GLOBAL_ACCENT_COLOR_NAME = AccentColor;
				CODE_SIGN_STYLE = Automatic;
				CURRENT_PROJECT_VERSION = 1;
				DEVELOPMENT_TEAM = YPV4RL9PLG;
				ENABLE_USER_SCRIPT_SANDBOXING = NO;
				GENERATE_INFOPLIST_FILE = YES;
				INFOPLIST_FILE = Weather/Info.plist;
				INFOPLIST_KEY_UIApplicationSupportsIndirectInputEvents = YES;
				INFOPLIST_KEY_UILaunchStoryboardName = LaunchScreen;
				INFOPLIST_KEY_UISupportedInterfaceOrientations = UIInterfaceOrientationPortrait;
				INFOPLIST_KEY_UISupportedInterfaceOrientations_iPad = "UIInterfaceOrientationLandscapeLeft UIInterfaceOrientationLandscapeRight UIInterfaceOrientationPortrait UIInterfaceOrientationPortraitUpsideDown";
				IPHONEOS_DEPLOYMENT_TARGET = 15.0;
				LD_RUNPATH_SEARCH_PATHS = (
					"$(inherited)",
					"@executable_path/Frameworks",
				);
				MARKETING_VERSION = 1.0;
				PRODUCT_BUNDLE_IDENTIFIER = usya.Weather;
				PRODUCT_NAME = "$(TARGET_NAME)";
				SUPPORTED_PLATFORMS = "iphoneos iphonesimulator";
				SUPPORTS_MACCATALYST = NO;
				SUPPORTS_XR_DESIGNED_FOR_IPHONE_IPAD = NO;
				SWIFT_EMIT_LOC_STRINGS = YES;
				SWIFT_VERSION = 5.0;
				TARGETED_DEVICE_FAMILY = 1;
			};
			name = Release;
		};
/* End XCBuildConfiguration section */

/* Begin XCConfigurationList section */
		44EC76E82CB6F0BD0023B313 /* Build configuration list for PBXProject "Weather" */ = {
			isa = XCConfigurationList;
			buildConfigurations = (
				44EC76FF2CB6F0BD0023B313 /* Debug */,
				44EC77002CB6F0BD0023B313 /* Release */,
			);
			defaultConfigurationIsVisible = 0;
			defaultConfigurationName = Release;
		};
		44EC77012CB6F0BD0023B313 /* Build configuration list for PBXNativeTarget "Weather" */ = {
			isa = XCConfigurationList;
			buildConfigurations = (
				44EC77022CB6F0BD0023B313 /* Debug */,
				44EC77032CB6F0BD0023B313 /* Release */,
			);
			defaultConfigurationIsVisible = 0;
			defaultConfigurationName = Release;
		};
/* End XCConfigurationList section */

/* Begin XCRemoteSwiftPackageReference section */
		448825822CC04D0600C73D2B /* XCRemoteSwiftPackageReference "R" */ = {
			isa = XCRemoteSwiftPackageReference;
			repositoryURL = "https://github.com/mac-cain13/R.swift";
			requirement = {
				kind = upToNextMajorVersion;
				minimumVersion = 7.7.0;
			};
		};
		4489B45E2CB9CAAF0086DEC8 /* XCRemoteSwiftPackageReference "SwiftLint" */ = {
			isa = XCRemoteSwiftPackageReference;
			repositoryURL = "https://github.com/realm/SwiftLint.git";
			requirement = {
				kind = upToNextMajorVersion;
				minimumVersion = 0.57.0;
			};
		};
		4489B4632CB9CAC50086DEC8 /* XCRemoteSwiftPackageReference "SnapKit" */ = {
			isa = XCRemoteSwiftPackageReference;
			repositoryURL = "https://github.com/SnapKit/SnapKit.git";
			requirement = {
				kind = upToNextMajorVersion;
				minimumVersion = 5.7.1;
			};
		};
/* End XCRemoteSwiftPackageReference section */

/* Begin XCSwiftPackageProductDependency section */
		448825832CC04D0600C73D2B /* RswiftLibrary */ = {
			isa = XCSwiftPackageProductDependency;
			package = 448825822CC04D0600C73D2B /* XCRemoteSwiftPackageReference "R" */;
			productName = RswiftLibrary;
		};
		448825852CC04D5A00C73D2B /* RswiftGenerateInternalResources */ = {
			isa = XCSwiftPackageProductDependency;
			package = 448825822CC04D0600C73D2B /* XCRemoteSwiftPackageReference "R" */;
			productName = "plugin:RswiftGenerateInternalResources";
		};
		4489B4642CB9CAC50086DEC8 /* SnapKit */ = {
			isa = XCSwiftPackageProductDependency;
			package = 4489B4632CB9CAC50086DEC8 /* XCRemoteSwiftPackageReference "SnapKit" */;
			productName = SnapKit;
		};
		4489B4682CB9CB4F0086DEC8 /* SwiftLintBuildToolPlugin */ = {
			isa = XCSwiftPackageProductDependency;
			package = 4489B45E2CB9CAAF0086DEC8 /* XCRemoteSwiftPackageReference "SwiftLint" */;
			productName = "plugin:SwiftLintBuildToolPlugin";
		};
/* End XCSwiftPackageProductDependency section */
	};
	rootObject = 44EC76E52CB6F0BD0023B313 /* Project object */;
}
